PODS:
  - app_badger (2.0.0):
    - Flutter
  - Flutter (1.0.0)

DEPENDENCIES:
  - app_badger (from `.symlinks/plugins/app_badger/ios`)
  - Flutter (from `Flutter`)

EXTERNAL SOURCES:
  app_badger:
    :path: ".symlinks/plugins/app_badger/ios"
  Flutter:
    :path: Flutter

SPEC CHECKSUMS:
  app_badger: 48d80bfabb747a0a09aac63b499d786c0449e540
  Flutter: cabc95a1d2626b1b06e7179b784ebcf0c0cde467

PODFILE CHECKSUM: 3c63482e143d1b91d2d2560aee9fb04ecc74ac7e

COCOAPODS: 1.16.2
