PODS:
  - app_badger (0.0.1):
    - Flutter
  - awesome_notifications (0.10.0):
    - Flutter
    - IosAwnCore (~> 0.10.0)
  - Flutter (1.0.0)
  - IosAwnCore (0.10.0)

DEPENDENCIES:
  - app_badger (from `.symlinks/plugins/app_badger/ios`)
  - awesome_notifications (from `.symlinks/plugins/awesome_notifications/ios`)
  - Flutter (from `Flutter`)

SPEC REPOS:
  trunk:
    - IosAwnCore

EXTERNAL SOURCES:
  app_badger:
    :path: ".symlinks/plugins/app_badger/ios"
  awesome_notifications:
    :path: ".symlinks/plugins/awesome_notifications/ios"
  Flutter:
    :path: Flutter

SPEC CHECKSUMS:
  app_badger: 07da37f21b5de2a04da17317661c97791105e82c
  awesome_notifications: 0f432b28098d193920b11a44cfa9d2d9313a3888
  Flutter: e0871f40cf51350855a761d2e70bf5af5b9b5de7
  IosAwnCore: 653786a911089012092ce831f2945cd339855a89

PODFILE CHECKSUM: ee14816deddb33ec4b40576298c4ab2408047fcf

COCOAPODS: 1.16.2
